<?xml version="1.0" encoding="utf-8"?>
<Project ToolsVersion="4.0" xmlns="http://schemas.microsoft.com/developer/msbuild/2003">
  <ItemGroup>
    <Filter Include="Source Files">
      <UniqueIdentifier>{4FC737F1-C7A5-4376-A066-2A32D752A2FF}</UniqueIdentifier>
      <Extensions>cpp;c;cc;cxx;def;odl;idl;hpj;bat;asm;asmx</Extensions>
    </Filter>
    <Filter Include="Header Files">
      <UniqueIdentifier>{93995380-89BD-4b04-88EB-625FBE52EBFB}</UniqueIdentifier>
      <Extensions>h;hh;hpp;hxx;hm;inl;inc;ipp;xsd</Extensions>
    </Filter>
    <Filter Include="Resource Files">
      <UniqueIdentifier>{67DA6AB6-F800-4c08-8B7A-83BB121AAD01}</UniqueIdentifier>
      <Extensions>rc;ico;cur;bmp;dlg;rc2;rct;bin;rgs;gif;jpg;jpeg;jpe;resx;tiff;tif;png;wav;mfcribbon-ms</Extensions>
    </Filter>
  </ItemGroup>
  <ItemGroup>
    <ClInclude Include="Stack.h">
      <Filter>Header Files</Filter>
    </ClInclude>
    <ClInclude Include="WordsMachine.h">
      <Filter>Header Files</Filter>
    </ClInclude>
    <ClInclude Include="Fibonacci.h">
      <Filter>Header Files</Filter>
    </ClInclude>
    <ClInclude Include="DailyUsed.h">
      <Filter>Header Files</Filter>
    </ClInclude>
    <ClInclude Include="TemplateJungle.h">
      <Filter>Header Files</Filter>
    </ClInclude>
    <ClInclude Include="Stack1.hpp">
      <Filter>Header Files</Filter>
    </ClInclude>
    <ClInclude Include="Stack2.hpp">
      <Filter>Header Files</Filter>
    </ClInclude>
    <ClInclude Include="Array.hpp">
      <Filter>Header Files</Filter>
    </ClInclude>
    <ClInclude Include="List.h">
      <Filter>Header Files</Filter>
    </ClInclude>
    <ClInclude Include="binarysearchtree.h">
      <Filter>Header Files</Filter>
    </ClInclude>
    <ClInclude Include="Box.h">
      <Filter>Header Files</Filter>
    </ClInclude>
  </ItemGroup>
  <ItemGroup>
    <ClCompile Include="guesswhat.cpp">
      <Filter>Source Files</Filter>
    </ClCompile>
    <ClCompile Include="Stack.cpp">
      <Filter>Source Files</Filter>
    </ClCompile>
    <ClCompile Include="WordsMachine.cpp">
      <Filter>Source Files</Filter>
    </ClCompile>
    <ClCompile Include="Polygon.cpp">
      <Filter>Source Files</Filter>
    </ClCompile>
    <ClCompile Include="btree.cpp">
      <Filter>Source Files</Filter>
    </ClCompile>
    <ClCompile Include="Fibonacci.cpp">
      <Filter>Source Files</Filter>
    </ClCompile>
    <ClCompile Include="StringWorks.cpp">
      <Filter>Source Files</Filter>
    </ClCompile>
    <ClCompile Include="DailyUsed.cpp">
      <Filter>Source Files</Filter>
    </ClCompile>
    <ClCompile Include="QuickSort.cpp">
      <Filter>Source Files</Filter>
    </ClCompile>
    <ClCompile Include="TemplateJungle.cpp">
      <Filter>Source Files</Filter>
    </ClCompile>
    <ClCompile Include="BinarySearch.cpp">
      <Filter>Source Files</Filter>
    </ClCompile>
    <ClCompile Include="StackDemo1.cpp">
      <Filter>Source Files</Filter>
    </ClCompile>
    <ClCompile Include="StackOverflowDemo.cpp">
      <Filter>Source Files</Filter>
    </ClCompile>
    <ClCompile Include="ListDemo.cpp">
      <Filter>Source Files</Filter>
    </ClCompile>
    <ClCompile Include="PrimeNumber.cpp">
      <Filter>Source Files</Filter>
    </ClCompile>
    <ClCompile Include="findtwosum.cpp">
      <Filter>Source Files</Filter>
    </ClCompile>
    <ClCompile Include="usingstd.cpp">
      <Filter>Source Files</Filter>
    </ClCompile>
    <ClCompile Include="async.cpp">
      <Filter>Source Files</Filter>
    </ClCompile>
    <ClCompile Include="countwords.cpp">
      <Filter>Source Files</Filter>
    </ClCompile>
    <ClCompile Include="humming.cpp">
      <Filter>Source Files</Filter>
    </ClCompile>
    <ClCompile Include="numbercomplement.cpp">
      <Filter>Source Files</Filter>
    </ClCompile>
  </ItemGroup>
</Project>